
Microsoft Visual Studio Solution File, Format Version 12.00
# Visual Studio Version 16
VisualStudioVersion = 16.0.28803.352
MinimumVisualStudioVersion = 10.0.40219.1
Project("{FAE04EC0-301F-11D3-BF4B-00C04F79EFBC}") = "day_1a", "day_1a\day_1a.csproj", "{D9F8320E-6263-47B0-843B-4EDC3828188D}"
EndProject
Project("{FAE04EC0-301F-11D3-BF4B-00C04F79EFBC}") = "AOC.Resources", "AOC.Resources\AOC.Resources.csproj", "{45EDFD3F-CE05-4EED-8F5F-B0DF633D9147}"
EndProject
Project("{FAE04EC0-301F-11D3-BF4B-00C04F79EFBC}") = "day_01b", "day_01b\day_01b.csproj", "{4C50B1EC-EB9B-4C05-B961-EC0C8698362B}"
EndProject
Project("{FAE04EC0-301F-11D3-BF4B-00C04F79EFBC}") = "day_02a", "day_02a\day_02a.csproj", "{3E31A8F9-E761-4B7D-9600-6F0DA95AE5FE}"
EndProject
Project("{FAE04EC0-301F-11D3-BF4B-00C04F79EFBC}") = "day_02b", "day_02b\day_02b.csproj", "{8EC6B3C5-82F9-47C3-9713-67AF165E73D1}"
EndProject
Project("{FAE04EC0-301F-11D3-BF4B-00C04F79EFBC}") = "day_03a", "day_03a\day_03a.csproj", "{1A87CBD4-7D1E-475E-A51D-9D9D6B2117C2}"
EndProject
Project("{FAE04EC0-301F-11D3-BF4B-00C04F79EFBC}") = "day_03b", "day_03b\day_03b.csproj", "{402F3ACA-AE8C-47EF-942A-9BC4572499E1}"
EndProject
Project("{FAE04EC0-301F-11D3-BF4B-00C04F79EFBC}") = "day_04a", "day_04a\day_04a.csproj", "{ACE831D1-0A10-440C-A8E1-45ED2005E084}"
EndProject
Project("{FAE04EC0-301F-11D3-BF4B-00C04F79EFBC}") = "day_04b", "day_04b\day_04b.csproj", "{563AF11B-BCA7-434C-9745-E7A8E7ED55CF}"
EndProject
Project("{FAE04EC0-301F-11D3-BF4B-00C04F79EFBC}") = "day_05a", "day_05a\day_05a.csproj", "{270FA3F1-848C-43A4-BB60-9A9A6D654E17}"
EndProject
Project("{FAE04EC0-301F-11D3-BF4B-00C04F79EFBC}") = "day_05b", "day_05b\day_05b.csproj", "{00258747-ADBD-4225-A208-1708CB281FBF}"
EndProject
Project("{FAE04EC0-301F-11D3-BF4B-00C04F79EFBC}") = "day_06a", "day_06a\day_06a.csproj", "{6D7EF88F-6979-4213-9D77-D1356A8C0F09}"
EndProject
Project("{FAE04EC0-301F-11D3-BF4B-00C04F79EFBC}") = "day_06b", "day_06b\day_06b.csproj", "{87EAA73B-3AED-4074-945C-0297FDA3CB69}"
EndProject
Project("{FAE04EC0-301F-11D3-BF4B-00C04F79EFBC}") = "day_07a", "day_07a\day_07a.csproj", "{FC40981D-AA42-4842-BB83-0F17649AF0B5}"
EndProject
Project("{FAE04EC0-301F-11D3-BF4B-00C04F79EFBC}") = "day_07b", "day_07b\day_07b.csproj", "{2EC387EF-BC14-402D-B1AB-408BF303B2AD}"
EndProject
Project("{FAE04EC0-301F-11D3-BF4B-00C04F79EFBC}") = "day_08a", "day_08a\day_08a.csproj", "{4DD57DBB-DD1F-4CB6-AC47-863644A739E5}"
EndProject
Project("{FAE04EC0-301F-11D3-BF4B-00C04F79EFBC}") = "day_08b", "day_08b\day_08b.csproj", "{ADE0E911-209E-4911-A791-87E97F0463BA}"
EndProject
Project("{FAE04EC0-301F-11D3-BF4B-00C04F79EFBC}") = "day_09a", "day_09a\day_09a.csproj", "{31AFE862-2CEE-4A8E-9F4C-6B5FE865DB26}"
EndProject
Project("{FAE04EC0-301F-11D3-BF4B-00C04F79EFBC}") = "day_09b", "day_09b\day_09b.csproj", "{96E23415-1E96-47BC-81A3-F3C07EC71489}"
EndProject
Global
	GlobalSection(SolutionConfigurationPlatforms) = preSolution
		Debug|Any CPU = Debug|Any CPU
		Release|Any CPU = Release|Any CPU
	EndGlobalSection
	GlobalSection(ProjectConfigurationPlatforms) = postSolution
		{D9F8320E-6263-47B0-843B-4EDC3828188D}.Debug|Any CPU.ActiveCfg = Debug|Any CPU
		{D9F8320E-6263-47B0-843B-4EDC3828188D}.Debug|Any CPU.Build.0 = Debug|Any CPU
		{D9F8320E-6263-47B0-843B-4EDC3828188D}.Release|Any CPU.ActiveCfg = Release|Any CPU
		{D9F8320E-6263-47B0-843B-4EDC3828188D}.Release|Any CPU.Build.0 = Release|Any CPU
		{45EDFD3F-CE05-4EED-8F5F-B0DF633D9147}.Debug|Any CPU.ActiveCfg = Debug|Any CPU
		{45EDFD3F-CE05-4EED-8F5F-B0DF633D9147}.Debug|Any CPU.Build.0 = Debug|Any CPU
		{45EDFD3F-CE05-4EED-8F5F-B0DF633D9147}.Release|Any CPU.ActiveCfg = Release|Any CPU
		{45EDFD3F-CE05-4EED-8F5F-B0DF633D9147}.Release|Any CPU.Build.0 = Release|Any CPU
		{4C50B1EC-EB9B-4C05-B961-EC0C8698362B}.Debug|Any CPU.ActiveCfg = Debug|Any CPU
		{4C50B1EC-EB9B-4C05-B961-EC0C8698362B}.Debug|Any CPU.Build.0 = Debug|Any CPU
		{4C50B1EC-EB9B-4C05-B961-EC0C8698362B}.Release|Any CPU.ActiveCfg = Release|Any CPU
		{4C50B1EC-EB9B-4C05-B961-EC0C8698362B}.Release|Any CPU.Build.0 = Release|Any CPU
		{3E31A8F9-E761-4B7D-9600-6F0DA95AE5FE}.Debug|Any CPU.ActiveCfg = Debug|Any CPU
		{3E31A8F9-E761-4B7D-9600-6F0DA95AE5FE}.Debug|Any CPU.Build.0 = Debug|Any CPU
		{3E31A8F9-E761-4B7D-9600-6F0DA95AE5FE}.Release|Any CPU.ActiveCfg = Release|Any CPU
		{3E31A8F9-E761-4B7D-9600-6F0DA95AE5FE}.Release|Any CPU.Build.0 = Release|Any CPU
		{8EC6B3C5-82F9-47C3-9713-67AF165E73D1}.Debug|Any CPU.ActiveCfg = Debug|Any CPU
		{8EC6B3C5-82F9-47C3-9713-67AF165E73D1}.Debug|Any CPU.Build.0 = Debug|Any CPU
		{8EC6B3C5-82F9-47C3-9713-67AF165E73D1}.Release|Any CPU.ActiveCfg = Release|Any CPU
		{8EC6B3C5-82F9-47C3-9713-67AF165E73D1}.Release|Any CPU.Build.0 = Release|Any CPU
		{1A87CBD4-7D1E-475E-A51D-9D9D6B2117C2}.Debug|Any CPU.ActiveCfg = Debug|Any CPU
		{1A87CBD4-7D1E-475E-A51D-9D9D6B2117C2}.Debug|Any CPU.Build.0 = Debug|Any CPU
		{1A87CBD4-7D1E-475E-A51D-9D9D6B2117C2}.Release|Any CPU.ActiveCfg = Release|Any CPU
		{1A87CBD4-7D1E-475E-A51D-9D9D6B2117C2}.Release|Any CPU.Build.0 = Release|Any CPU
		{402F3ACA-AE8C-47EF-942A-9BC4572499E1}.Debug|Any CPU.ActiveCfg = Debug|Any CPU
		{402F3ACA-AE8C-47EF-942A-9BC4572499E1}.Debug|Any CPU.Build.0 = Debug|Any CPU
		{402F3ACA-AE8C-47EF-942A-9BC4572499E1}.Release|Any CPU.ActiveCfg = Release|Any CPU
		{402F3ACA-AE8C-47EF-942A-9BC4572499E1}.Release|Any CPU.Build.0 = Release|Any CPU
		{ACE831D1-0A10-440C-A8E1-45ED2005E084}.Debug|Any CPU.ActiveCfg = Debug|Any CPU
		{ACE831D1-0A10-440C-A8E1-45ED2005E084}.Debug|Any CPU.Build.0 = Debug|Any CPU
		{ACE831D1-0A10-440C-A8E1-45ED2005E084}.Release|Any CPU.ActiveCfg = Release|Any CPU
		{ACE831D1-0A10-440C-A8E1-45ED2005E084}.Release|Any CPU.Build.0 = Release|Any CPU
		{563AF11B-BCA7-434C-9745-E7A8E7ED55CF}.Debug|Any CPU.ActiveCfg = Debug|Any CPU
		{563AF11B-BCA7-434C-9745-E7A8E7ED55CF}.Debug|Any CPU.Build.0 = Debug|Any CPU
		{563AF11B-BCA7-434C-9745-E7A8E7ED55CF}.Release|Any CPU.ActiveCfg = Release|Any CPU
		{563AF11B-BCA7-434C-9745-E7A8E7ED55CF}.Release|Any CPU.Build.0 = Release|Any CPU
		{270FA3F1-848C-43A4-BB60-9A9A6D654E17}.Debug|Any CPU.ActiveCfg = Debug|Any CPU
		{270FA3F1-848C-43A4-BB60-9A9A6D654E17}.Debug|Any CPU.Build.0 = Debug|Any CPU
		{270FA3F1-848C-43A4-BB60-9A9A6D654E17}.Release|Any CPU.ActiveCfg = Release|Any CPU
		{270FA3F1-848C-43A4-BB60-9A9A6D654E17}.Release|Any CPU.Build.0 = Release|Any CPU
		{00258747-ADBD-4225-A208-1708CB281FBF}.Debug|Any CPU.ActiveCfg = Debug|Any CPU
		{00258747-ADBD-4225-A208-1708CB281FBF}.Debug|Any CPU.Build.0 = Debug|Any CPU
		{00258747-ADBD-4225-A208-1708CB281FBF}.Release|Any CPU.ActiveCfg = Release|Any CPU
		{00258747-ADBD-4225-A208-1708CB281FBF}.Release|Any CPU.Build.0 = Release|Any CPU
		{6D7EF88F-6979-4213-9D77-D1356A8C0F09}.Debug|Any CPU.ActiveCfg = Debug|Any CPU
		{6D7EF88F-6979-4213-9D77-D1356A8C0F09}.Debug|Any CPU.Build.0 = Debug|Any CPU
		{6D7EF88F-6979-4213-9D77-D1356A8C0F09}.Release|Any CPU.ActiveCfg = Release|Any CPU
		{6D7EF88F-6979-4213-9D77-D1356A8C0F09}.Release|Any CPU.Build.0 = Release|Any CPU
		{87EAA73B-3AED-4074-945C-0297FDA3CB69}.Debug|Any CPU.ActiveCfg = Debug|Any CPU
		{87EAA73B-3AED-4074-945C-0297FDA3CB69}.Debug|Any CPU.Build.0 = Debug|Any CPU
		{87EAA73B-3AED-4074-945C-0297FDA3CB69}.Release|Any CPU.ActiveCfg = Release|Any CPU
		{87EAA73B-3AED-4074-945C-0297FDA3CB69}.Release|Any CPU.Build.0 = Release|Any CPU
		{FC40981D-AA42-4842-BB83-0F17649AF0B5}.Debug|Any CPU.ActiveCfg = Debug|Any CPU
		{FC40981D-AA42-4842-BB83-0F17649AF0B5}.Debug|Any CPU.Build.0 = Debug|Any CPU
		{FC40981D-AA42-4842-BB83-0F17649AF0B5}.Release|Any CPU.ActiveCfg = Release|Any CPU
		{FC40981D-AA42-4842-BB83-0F17649AF0B5}.Release|Any CPU.Build.0 = Release|Any CPU
		{2EC387EF-BC14-402D-B1AB-408BF303B2AD}.Debug|Any CPU.ActiveCfg = Debug|Any CPU
		{2EC387EF-BC14-402D-B1AB-408BF303B2AD}.Debug|Any CPU.Build.0 = Debug|Any CPU
		{2EC387EF-BC14-402D-B1AB-408BF303B2AD}.Release|Any CPU.ActiveCfg = Release|Any CPU
		{2EC387EF-BC14-402D-B1AB-408BF303B2AD}.Release|Any CPU.Build.0 = Release|Any CPU
		{4DD57DBB-DD1F-4CB6-AC47-863644A739E5}.Debug|Any CPU.ActiveCfg = Debug|Any CPU
		{4DD57DBB-DD1F-4CB6-AC47-863644A739E5}.Debug|Any CPU.Build.0 = Debug|Any CPU
		{4DD57DBB-DD1F-4CB6-AC47-863644A739E5}.Release|Any CPU.ActiveCfg = Release|Any CPU
		{4DD57DBB-DD1F-4CB6-AC47-863644A739E5}.Release|Any CPU.Build.0 = Release|Any CPU
		{ADE0E911-209E-4911-A791-87E97F0463BA}.Debug|Any CPU.ActiveCfg = Debug|Any CPU
		{ADE0E911-209E-4911-A791-87E97F0463BA}.Debug|Any CPU.Build.0 = Debug|Any CPU
		{ADE0E911-209E-4911-A791-87E97F0463BA}.Release|Any CPU.ActiveCfg = Release|Any CPU
		{ADE0E911-209E-4911-A791-87E97F0463BA}.Release|Any CPU.Build.0 = Release|Any CPU
		{31AFE862-2CEE-4A8E-9F4C-6B5FE865DB26}.Debug|Any CPU.ActiveCfg = Debug|Any CPU
		{31AFE862-2CEE-4A8E-9F4C-6B5FE865DB26}.Debug|Any CPU.Build.0 = Debug|Any CPU
		{31AFE862-2CEE-4A8E-9F4C-6B5FE865DB26}.Release|Any CPU.ActiveCfg = Release|Any CPU
		{31AFE862-2CEE-4A8E-9F4C-6B5FE865DB26}.Release|Any CPU.Build.0 = Release|Any CPU
		{96E23415-1E96-47BC-81A3-F3C07EC71489}.Debug|Any CPU.ActiveCfg = Debug|Any CPU
		{96E23415-1E96-47BC-81A3-F3C07EC71489}.Debug|Any CPU.Build.0 = Debug|Any CPU
		{96E23415-1E96-47BC-81A3-F3C07EC71489}.Release|Any CPU.ActiveCfg = Release|Any CPU
		{96E23415-1E96-47BC-81A3-F3C07EC71489}.Release|Any CPU.Build.0 = Release|Any CPU
		{1B734E82-F276-44E6-BE43-C74EA8D88FBD}.Debug|Any CPU.ActiveCfg = Debug|Any CPU
		{1B734E82-F276-44E6-BE43-C74EA8D88FBD}.Debug|Any CPU.Build.0 = Debug|Any CPU
		{1B734E82-F276-44E6-BE43-C74EA8D88FBD}.Release|Any CPU.ActiveCfg = Release|Any CPU
		{1B734E82-F276-44E6-BE43-C74EA8D88FBD}.Release|Any CPU.Build.0 = Release|Any CPU
	EndGlobalSection
	GlobalSection(SolutionProperties) = preSolution
		HideSolutionNode = FALSE
	EndGlobalSection
	GlobalSection(ExtensibilityGlobals) = postSolution
		SolutionGuid = {144FE98E-0BDE-4492-BEEB-9ACC1C680CE3}
	EndGlobalSection
EndGlobal
