
Microsoft Visual Studio Solution File, Format Version 12.00
# Visual Studio 15
VisualStudioVersion = 15.0.28307.136
MinimumVisualStudioVersion = 10.0.40219.1
Project("{FAE04EC0-301F-11D3-BF4B-00C04F79EFBC}") = "day_1a", "day_1a\day_1a.csproj", "{D9F8320E-6263-47B0-843B-4EDC3828188D}"
EndProject
Project("{FAE04EC0-301F-11D3-BF4B-00C04F79EFBC}") = "AOC.Resources", "AOC.Resources\AOC.Resources.csproj", "{45EDFD3F-CE05-4EED-8F5F-B0DF633D9147}"
EndProject
Project("{FAE04EC0-301F-11D3-BF4B-00C04F79EFBC}") = "day_1b", "day_1b\day_1b.csproj", "{4C50B1EC-EB9B-4C05-B961-EC0C8698362B}"
EndProject
Project("{FAE04EC0-301F-11D3-BF4B-00C04F79EFBC}") = "day_2a", "day_2a\day_2a.csproj", "{3E31A8F9-E761-4B7D-9600-6F0DA95AE5FE}"
EndProject
Project("{FAE04EC0-301F-11D3-BF4B-00C04F79EFBC}") = "day_2b", "day_2b\day_2b.csproj", "{8EC6B3C5-82F9-47C3-9713-67AF165E73D1}"
EndProject
Project("{FAE04EC0-301F-11D3-BF4B-00C04F79EFBC}") = "day_3a", "day_3a\day_3a.csproj", "{1A87CBD4-7D1E-475E-A51D-9D9D6B2117C2}"
EndProject
Project("{FAE04EC0-301F-11D3-BF4B-00C04F79EFBC}") = "day_3b", "day_3b\day_3b.csproj", "{402F3ACA-AE8C-47EF-942A-9BC4572499E1}"
EndProject
Project("{FAE04EC0-301F-11D3-BF4B-00C04F79EFBC}") = "day_4a", "day_4a\day_4a.csproj", "{ACE831D1-0A10-440C-A8E1-45ED2005E084}"
EndProject
Project("{FAE04EC0-301F-11D3-BF4B-00C04F79EFBC}") = "day_4b", "day_4b\day_4b.csproj", "{563AF11B-BCA7-434C-9745-E7A8E7ED55CF}"
EndProject
Project("{FAE04EC0-301F-11D3-BF4B-00C04F79EFBC}") = "day_5a", "day_5a\day_5a.csproj", "{270FA3F1-848C-43A4-BB60-9A9A6D654E17}"
EndProject
Project("{FAE04EC0-301F-11D3-BF4B-00C04F79EFBC}") = "day_5b", "day_5b\day_5b.csproj", "{00258747-ADBD-4225-A208-1708CB281FBF}"
EndProject
Project("{FAE04EC0-301F-11D3-BF4B-00C04F79EFBC}") = "day_6a", "day_6a\day_6a.csproj", "{6D7EF88F-6979-4213-9D77-D1356A8C0F09}"
EndProject
Project("{FAE04EC0-301F-11D3-BF4B-00C04F79EFBC}") = "day_6b", "day_6b\day_6b.csproj", "{87EAA73B-3AED-4074-945C-0297FDA3CB69}"
EndProject
Global
	GlobalSection(SolutionConfigurationPlatforms) = preSolution
		Debug|Any CPU = Debug|Any CPU
		Release|Any CPU = Release|Any CPU
	EndGlobalSection
	GlobalSection(ProjectConfigurationPlatforms) = postSolution
		{D9F8320E-6263-47B0-843B-4EDC3828188D}.Debug|Any CPU.ActiveCfg = Debug|Any CPU
		{D9F8320E-6263-47B0-843B-4EDC3828188D}.Debug|Any CPU.Build.0 = Debug|Any CPU
		{D9F8320E-6263-47B0-843B-4EDC3828188D}.Release|Any CPU.ActiveCfg = Release|Any CPU
		{D9F8320E-6263-47B0-843B-4EDC3828188D}.Release|Any CPU.Build.0 = Release|Any CPU
		{45EDFD3F-CE05-4EED-8F5F-B0DF633D9147}.Debug|Any CPU.ActiveCfg = Debug|Any CPU
		{45EDFD3F-CE05-4EED-8F5F-B0DF633D9147}.Debug|Any CPU.Build.0 = Debug|Any CPU
		{45EDFD3F-CE05-4EED-8F5F-B0DF633D9147}.Release|Any CPU.ActiveCfg = Release|Any CPU
		{45EDFD3F-CE05-4EED-8F5F-B0DF633D9147}.Release|Any CPU.Build.0 = Release|Any CPU
		{4C50B1EC-EB9B-4C05-B961-EC0C8698362B}.Debug|Any CPU.ActiveCfg = Debug|Any CPU
		{4C50B1EC-EB9B-4C05-B961-EC0C8698362B}.Debug|Any CPU.Build.0 = Debug|Any CPU
		{4C50B1EC-EB9B-4C05-B961-EC0C8698362B}.Release|Any CPU.ActiveCfg = Release|Any CPU
		{4C50B1EC-EB9B-4C05-B961-EC0C8698362B}.Release|Any CPU.Build.0 = Release|Any CPU
		{3E31A8F9-E761-4B7D-9600-6F0DA95AE5FE}.Debug|Any CPU.ActiveCfg = Debug|Any CPU
		{3E31A8F9-E761-4B7D-9600-6F0DA95AE5FE}.Debug|Any CPU.Build.0 = Debug|Any CPU
		{3E31A8F9-E761-4B7D-9600-6F0DA95AE5FE}.Release|Any CPU.ActiveCfg = Release|Any CPU
		{3E31A8F9-E761-4B7D-9600-6F0DA95AE5FE}.Release|Any CPU.Build.0 = Release|Any CPU
		{8EC6B3C5-82F9-47C3-9713-67AF165E73D1}.Debug|Any CPU.ActiveCfg = Debug|Any CPU
		{8EC6B3C5-82F9-47C3-9713-67AF165E73D1}.Debug|Any CPU.Build.0 = Debug|Any CPU
		{8EC6B3C5-82F9-47C3-9713-67AF165E73D1}.Release|Any CPU.ActiveCfg = Release|Any CPU
		{8EC6B3C5-82F9-47C3-9713-67AF165E73D1}.Release|Any CPU.Build.0 = Release|Any CPU
		{1A87CBD4-7D1E-475E-A51D-9D9D6B2117C2}.Debug|Any CPU.ActiveCfg = Debug|Any CPU
		{1A87CBD4-7D1E-475E-A51D-9D9D6B2117C2}.Debug|Any CPU.Build.0 = Debug|Any CPU
		{1A87CBD4-7D1E-475E-A51D-9D9D6B2117C2}.Release|Any CPU.ActiveCfg = Release|Any CPU
		{1A87CBD4-7D1E-475E-A51D-9D9D6B2117C2}.Release|Any CPU.Build.0 = Release|Any CPU
		{402F3ACA-AE8C-47EF-942A-9BC4572499E1}.Debug|Any CPU.ActiveCfg = Debug|Any CPU
		{402F3ACA-AE8C-47EF-942A-9BC4572499E1}.Debug|Any CPU.Build.0 = Debug|Any CPU
		{402F3ACA-AE8C-47EF-942A-9BC4572499E1}.Release|Any CPU.ActiveCfg = Release|Any CPU
		{402F3ACA-AE8C-47EF-942A-9BC4572499E1}.Release|Any CPU.Build.0 = Release|Any CPU
		{ACE831D1-0A10-440C-A8E1-45ED2005E084}.Debug|Any CPU.ActiveCfg = Debug|Any CPU
		{ACE831D1-0A10-440C-A8E1-45ED2005E084}.Debug|Any CPU.Build.0 = Debug|Any CPU
		{ACE831D1-0A10-440C-A8E1-45ED2005E084}.Release|Any CPU.ActiveCfg = Release|Any CPU
		{ACE831D1-0A10-440C-A8E1-45ED2005E084}.Release|Any CPU.Build.0 = Release|Any CPU
		{563AF11B-BCA7-434C-9745-E7A8E7ED55CF}.Debug|Any CPU.ActiveCfg = Debug|Any CPU
		{563AF11B-BCA7-434C-9745-E7A8E7ED55CF}.Debug|Any CPU.Build.0 = Debug|Any CPU
		{563AF11B-BCA7-434C-9745-E7A8E7ED55CF}.Release|Any CPU.ActiveCfg = Release|Any CPU
		{563AF11B-BCA7-434C-9745-E7A8E7ED55CF}.Release|Any CPU.Build.0 = Release|Any CPU
		{270FA3F1-848C-43A4-BB60-9A9A6D654E17}.Debug|Any CPU.ActiveCfg = Debug|Any CPU
		{270FA3F1-848C-43A4-BB60-9A9A6D654E17}.Debug|Any CPU.Build.0 = Debug|Any CPU
		{270FA3F1-848C-43A4-BB60-9A9A6D654E17}.Release|Any CPU.ActiveCfg = Release|Any CPU
		{270FA3F1-848C-43A4-BB60-9A9A6D654E17}.Release|Any CPU.Build.0 = Release|Any CPU
		{00258747-ADBD-4225-A208-1708CB281FBF}.Debug|Any CPU.ActiveCfg = Debug|Any CPU
		{00258747-ADBD-4225-A208-1708CB281FBF}.Debug|Any CPU.Build.0 = Debug|Any CPU
		{00258747-ADBD-4225-A208-1708CB281FBF}.Release|Any CPU.ActiveCfg = Release|Any CPU
		{00258747-ADBD-4225-A208-1708CB281FBF}.Release|Any CPU.Build.0 = Release|Any CPU
		{6D7EF88F-6979-4213-9D77-D1356A8C0F09}.Debug|Any CPU.ActiveCfg = Debug|Any CPU
		{6D7EF88F-6979-4213-9D77-D1356A8C0F09}.Debug|Any CPU.Build.0 = Debug|Any CPU
		{6D7EF88F-6979-4213-9D77-D1356A8C0F09}.Release|Any CPU.ActiveCfg = Release|Any CPU
		{6D7EF88F-6979-4213-9D77-D1356A8C0F09}.Release|Any CPU.Build.0 = Release|Any CPU
		{87EAA73B-3AED-4074-945C-0297FDA3CB69}.Debug|Any CPU.ActiveCfg = Debug|Any CPU
		{87EAA73B-3AED-4074-945C-0297FDA3CB69}.Debug|Any CPU.Build.0 = Debug|Any CPU
		{87EAA73B-3AED-4074-945C-0297FDA3CB69}.Release|Any CPU.ActiveCfg = Release|Any CPU
		{87EAA73B-3AED-4074-945C-0297FDA3CB69}.Release|Any CPU.Build.0 = Release|Any CPU
	EndGlobalSection
	GlobalSection(SolutionProperties) = preSolution
		HideSolutionNode = FALSE
	EndGlobalSection
	GlobalSection(ExtensibilityGlobals) = postSolution
		SolutionGuid = {144FE98E-0BDE-4492-BEEB-9ACC1C680CE3}
	EndGlobalSection
EndGlobal
