
Microsoft Visual Studio Solution File, Format Version 12.00
# Visual Studio Version 16
VisualStudioVersion = 16.0.28803.352
MinimumVisualStudioVersion = 10.0.40219.1
Project("{9A19103F-16F7-4668-BE54-9A1E7A4F7556}") = "AOC.Resources", "..\Resources\AOC.Resources\AOC.Resources.csproj", "{45EDFD3F-CE05-4EED-8F5F-B0DF633D9147}"
EndProject
Project("{FAE04EC0-301F-11D3-BF4B-00C04F79EFBC}") = "day01a", "day01a\day01a.csproj", "{D31B9D3E-D0AE-4EAB-B698-A48F1BC58C5B}"
EndProject
Project("{FAE04EC0-301F-11D3-BF4B-00C04F79EFBC}") = "day01b", "day01b\day01b.csproj", "{AD2B5650-79B3-48E6-B520-40E636F6935F}"
EndProject
Project("{FAE04EC0-301F-11D3-BF4B-00C04F79EFBC}") = "day02a", "day02a\day02a.csproj", "{3E21A3FE-CA71-4CAD-8147-785100A1D2B2}"
EndProject
Project("{FAE04EC0-301F-11D3-BF4B-00C04F79EFBC}") = "day02b", "day02b\day02b.csproj", "{0B6E12D2-4104-4969-8829-F4F64AB3D5D9}"
EndProject
Project("{FAE04EC0-301F-11D3-BF4B-00C04F79EFBC}") = "day03a", "day03a\day03a.csproj", "{4A5B010A-33B8-4CCA-981E-082C64837ECB}"
EndProject
Project("{FAE04EC0-301F-11D3-BF4B-00C04F79EFBC}") = "day03b", "day03b\day03b.csproj", "{B5ACF844-77A7-4428-97AE-91F670EF2D7B}"
EndProject
Project("{FAE04EC0-301F-11D3-BF4B-00C04F79EFBC}") = "day04a", "day04a\day04a.csproj", "{65015766-6C4C-446C-9622-F0D2E04C8566}"
EndProject
Project("{FAE04EC0-301F-11D3-BF4B-00C04F79EFBC}") = "day04b", "day04b\day04b.csproj", "{29C855BD-C75A-403B-A012-1A2BC767792A}"
EndProject
Project("{FAE04EC0-301F-11D3-BF4B-00C04F79EFBC}") = "day05a", "day05a\day05a.csproj", "{659C9833-5EEF-4705-B09D-BF8EE6BD6318}"
EndProject
Project("{FAE04EC0-301F-11D3-BF4B-00C04F79EFBC}") = "day05b", "day05b\day05b.csproj", "{1BC52CC1-BD1D-488E-A4F9-EA654E25A9BE}"
EndProject
Project("{FAE04EC0-301F-11D3-BF4B-00C04F79EFBC}") = "day06a", "day06a\day06a.csproj", "{681467D2-A2F5-490F-9DCB-DCF7556FD945}"
EndProject
Project("{FAE04EC0-301F-11D3-BF4B-00C04F79EFBC}") = "day06b", "day06b\day06b.csproj", "{1EC953CE-EFB1-447A-B227-5FE32D37618E}"
EndProject
Project("{FAE04EC0-301F-11D3-BF4B-00C04F79EFBC}") = "day07a", "day07a\day07a.csproj", "{BB741AA9-BCD4-41FC-8D5F-BB55FBD8C695}"
EndProject
Project("{FAE04EC0-301F-11D3-BF4B-00C04F79EFBC}") = "day07b", "day07b\day07b.csproj", "{64A9E601-A037-4E64-B1C7-F08DC6C11378}"
EndProject
Project("{FAE04EC0-301F-11D3-BF4B-00C04F79EFBC}") = "day08a", "day08a\day08a.csproj", "{56780459-37FB-48BE-B92E-4F6478A36591}"
EndProject
Project("{FAE04EC0-301F-11D3-BF4B-00C04F79EFBC}") = "day08b", "day08b\day08b.csproj", "{C8467BAB-E130-4A22-A97F-EE5B6F448ECD}"
EndProject
Project("{FAE04EC0-301F-11D3-BF4B-00C04F79EFBC}") = "day09a", "day09a\day09a.csproj", "{9DE68607-DE76-44B1-80FF-F8C7DDEF7530}"
EndProject
Project("{FAE04EC0-301F-11D3-BF4B-00C04F79EFBC}") = "day09b", "day09b\day09b.csproj", "{2A8CAC41-5A64-4122-B57F-3C21295E09E8}"
EndProject
Project("{FAE04EC0-301F-11D3-BF4B-00C04F79EFBC}") = "day10", "day10\day10.csproj", "{95111CED-D54F-4F16-8889-B53DA78BA93E}"
EndProject
Project("{FAE04EC0-301F-11D3-BF4B-00C04F79EFBC}") = "day11a", "day11a\day11a.csproj", "{C6CDEF7F-261B-4BAC-93F6-DB3B6D7D77B5}"
EndProject
Project("{FAE04EC0-301F-11D3-BF4B-00C04F79EFBC}") = "day11b", "day11b\day11b.csproj", "{535279E3-B081-4971-9BBB-FC7ACDC9339A}"
EndProject
Project("{FAE04EC0-301F-11D3-BF4B-00C04F79EFBC}") = "day11b2", "day11b2\day11b2.csproj", "{BB117252-51E9-4777-AF89-C744C72420DD}"
EndProject
Project("{FAE04EC0-301F-11D3-BF4B-00C04F79EFBC}") = "day12a", "day12a\day12a.csproj", "{7D19B623-DAAE-4F22-A390-B0402284F87D}"
EndProject
Project("{FAE04EC0-301F-11D3-BF4B-00C04F79EFBC}") = "day12b", "day12b\day12b.csproj", "{A936B26F-8A17-4F59-BFE9-4953ED7C0BFF}"
EndProject
Global
	GlobalSection(SolutionConfigurationPlatforms) = preSolution
		Debug|Any CPU = Debug|Any CPU
		Release|Any CPU = Release|Any CPU
	EndGlobalSection
	GlobalSection(ProjectConfigurationPlatforms) = postSolution
		{45EDFD3F-CE05-4EED-8F5F-B0DF633D9147}.Debug|Any CPU.ActiveCfg = Debug|Any CPU
		{45EDFD3F-CE05-4EED-8F5F-B0DF633D9147}.Debug|Any CPU.Build.0 = Debug|Any CPU
		{45EDFD3F-CE05-4EED-8F5F-B0DF633D9147}.Release|Any CPU.ActiveCfg = Release|Any CPU
		{45EDFD3F-CE05-4EED-8F5F-B0DF633D9147}.Release|Any CPU.Build.0 = Release|Any CPU
		{D31B9D3E-D0AE-4EAB-B698-A48F1BC58C5B}.Debug|Any CPU.ActiveCfg = Debug|Any CPU
		{D31B9D3E-D0AE-4EAB-B698-A48F1BC58C5B}.Debug|Any CPU.Build.0 = Debug|Any CPU
		{D31B9D3E-D0AE-4EAB-B698-A48F1BC58C5B}.Release|Any CPU.ActiveCfg = Release|Any CPU
		{D31B9D3E-D0AE-4EAB-B698-A48F1BC58C5B}.Release|Any CPU.Build.0 = Release|Any CPU
		{AD2B5650-79B3-48E6-B520-40E636F6935F}.Debug|Any CPU.ActiveCfg = Debug|Any CPU
		{AD2B5650-79B3-48E6-B520-40E636F6935F}.Debug|Any CPU.Build.0 = Debug|Any CPU
		{AD2B5650-79B3-48E6-B520-40E636F6935F}.Release|Any CPU.ActiveCfg = Release|Any CPU
		{AD2B5650-79B3-48E6-B520-40E636F6935F}.Release|Any CPU.Build.0 = Release|Any CPU
		{3E21A3FE-CA71-4CAD-8147-785100A1D2B2}.Debug|Any CPU.ActiveCfg = Debug|Any CPU
		{3E21A3FE-CA71-4CAD-8147-785100A1D2B2}.Debug|Any CPU.Build.0 = Debug|Any CPU
		{3E21A3FE-CA71-4CAD-8147-785100A1D2B2}.Release|Any CPU.ActiveCfg = Release|Any CPU
		{3E21A3FE-CA71-4CAD-8147-785100A1D2B2}.Release|Any CPU.Build.0 = Release|Any CPU
		{0B6E12D2-4104-4969-8829-F4F64AB3D5D9}.Debug|Any CPU.ActiveCfg = Debug|Any CPU
		{0B6E12D2-4104-4969-8829-F4F64AB3D5D9}.Debug|Any CPU.Build.0 = Debug|Any CPU
		{0B6E12D2-4104-4969-8829-F4F64AB3D5D9}.Release|Any CPU.ActiveCfg = Release|Any CPU
		{0B6E12D2-4104-4969-8829-F4F64AB3D5D9}.Release|Any CPU.Build.0 = Release|Any CPU
		{4A5B010A-33B8-4CCA-981E-082C64837ECB}.Debug|Any CPU.ActiveCfg = Debug|Any CPU
		{4A5B010A-33B8-4CCA-981E-082C64837ECB}.Debug|Any CPU.Build.0 = Debug|Any CPU
		{4A5B010A-33B8-4CCA-981E-082C64837ECB}.Release|Any CPU.ActiveCfg = Release|Any CPU
		{4A5B010A-33B8-4CCA-981E-082C64837ECB}.Release|Any CPU.Build.0 = Release|Any CPU
		{B5ACF844-77A7-4428-97AE-91F670EF2D7B}.Debug|Any CPU.ActiveCfg = Debug|Any CPU
		{B5ACF844-77A7-4428-97AE-91F670EF2D7B}.Debug|Any CPU.Build.0 = Debug|Any CPU
		{B5ACF844-77A7-4428-97AE-91F670EF2D7B}.Release|Any CPU.ActiveCfg = Release|Any CPU
		{B5ACF844-77A7-4428-97AE-91F670EF2D7B}.Release|Any CPU.Build.0 = Release|Any CPU
		{65015766-6C4C-446C-9622-F0D2E04C8566}.Debug|Any CPU.ActiveCfg = Debug|Any CPU
		{65015766-6C4C-446C-9622-F0D2E04C8566}.Debug|Any CPU.Build.0 = Debug|Any CPU
		{65015766-6C4C-446C-9622-F0D2E04C8566}.Release|Any CPU.ActiveCfg = Release|Any CPU
		{65015766-6C4C-446C-9622-F0D2E04C8566}.Release|Any CPU.Build.0 = Release|Any CPU
		{29C855BD-C75A-403B-A012-1A2BC767792A}.Debug|Any CPU.ActiveCfg = Debug|Any CPU
		{29C855BD-C75A-403B-A012-1A2BC767792A}.Debug|Any CPU.Build.0 = Debug|Any CPU
		{29C855BD-C75A-403B-A012-1A2BC767792A}.Release|Any CPU.ActiveCfg = Release|Any CPU
		{29C855BD-C75A-403B-A012-1A2BC767792A}.Release|Any CPU.Build.0 = Release|Any CPU
		{659C9833-5EEF-4705-B09D-BF8EE6BD6318}.Debug|Any CPU.ActiveCfg = Debug|Any CPU
		{659C9833-5EEF-4705-B09D-BF8EE6BD6318}.Debug|Any CPU.Build.0 = Debug|Any CPU
		{659C9833-5EEF-4705-B09D-BF8EE6BD6318}.Release|Any CPU.ActiveCfg = Release|Any CPU
		{659C9833-5EEF-4705-B09D-BF8EE6BD6318}.Release|Any CPU.Build.0 = Release|Any CPU
		{1BC52CC1-BD1D-488E-A4F9-EA654E25A9BE}.Debug|Any CPU.ActiveCfg = Debug|Any CPU
		{1BC52CC1-BD1D-488E-A4F9-EA654E25A9BE}.Debug|Any CPU.Build.0 = Debug|Any CPU
		{1BC52CC1-BD1D-488E-A4F9-EA654E25A9BE}.Release|Any CPU.ActiveCfg = Release|Any CPU
		{1BC52CC1-BD1D-488E-A4F9-EA654E25A9BE}.Release|Any CPU.Build.0 = Release|Any CPU
		{681467D2-A2F5-490F-9DCB-DCF7556FD945}.Debug|Any CPU.ActiveCfg = Debug|Any CPU
		{681467D2-A2F5-490F-9DCB-DCF7556FD945}.Debug|Any CPU.Build.0 = Debug|Any CPU
		{681467D2-A2F5-490F-9DCB-DCF7556FD945}.Release|Any CPU.ActiveCfg = Release|Any CPU
		{681467D2-A2F5-490F-9DCB-DCF7556FD945}.Release|Any CPU.Build.0 = Release|Any CPU
		{1EC953CE-EFB1-447A-B227-5FE32D37618E}.Debug|Any CPU.ActiveCfg = Debug|Any CPU
		{1EC953CE-EFB1-447A-B227-5FE32D37618E}.Debug|Any CPU.Build.0 = Debug|Any CPU
		{1EC953CE-EFB1-447A-B227-5FE32D37618E}.Release|Any CPU.ActiveCfg = Release|Any CPU
		{1EC953CE-EFB1-447A-B227-5FE32D37618E}.Release|Any CPU.Build.0 = Release|Any CPU
		{BB741AA9-BCD4-41FC-8D5F-BB55FBD8C695}.Debug|Any CPU.ActiveCfg = Debug|Any CPU
		{BB741AA9-BCD4-41FC-8D5F-BB55FBD8C695}.Debug|Any CPU.Build.0 = Debug|Any CPU
		{BB741AA9-BCD4-41FC-8D5F-BB55FBD8C695}.Release|Any CPU.ActiveCfg = Release|Any CPU
		{BB741AA9-BCD4-41FC-8D5F-BB55FBD8C695}.Release|Any CPU.Build.0 = Release|Any CPU
		{64A9E601-A037-4E64-B1C7-F08DC6C11378}.Debug|Any CPU.ActiveCfg = Debug|Any CPU
		{64A9E601-A037-4E64-B1C7-F08DC6C11378}.Debug|Any CPU.Build.0 = Debug|Any CPU
		{64A9E601-A037-4E64-B1C7-F08DC6C11378}.Release|Any CPU.ActiveCfg = Release|Any CPU
		{64A9E601-A037-4E64-B1C7-F08DC6C11378}.Release|Any CPU.Build.0 = Release|Any CPU
		{56780459-37FB-48BE-B92E-4F6478A36591}.Debug|Any CPU.ActiveCfg = Debug|Any CPU
		{56780459-37FB-48BE-B92E-4F6478A36591}.Debug|Any CPU.Build.0 = Debug|Any CPU
		{56780459-37FB-48BE-B92E-4F6478A36591}.Release|Any CPU.ActiveCfg = Release|Any CPU
		{56780459-37FB-48BE-B92E-4F6478A36591}.Release|Any CPU.Build.0 = Release|Any CPU
		{C8467BAB-E130-4A22-A97F-EE5B6F448ECD}.Debug|Any CPU.ActiveCfg = Debug|Any CPU
		{C8467BAB-E130-4A22-A97F-EE5B6F448ECD}.Debug|Any CPU.Build.0 = Debug|Any CPU
		{C8467BAB-E130-4A22-A97F-EE5B6F448ECD}.Release|Any CPU.ActiveCfg = Release|Any CPU
		{C8467BAB-E130-4A22-A97F-EE5B6F448ECD}.Release|Any CPU.Build.0 = Release|Any CPU
		{9DE68607-DE76-44B1-80FF-F8C7DDEF7530}.Debug|Any CPU.ActiveCfg = Debug|Any CPU
		{9DE68607-DE76-44B1-80FF-F8C7DDEF7530}.Debug|Any CPU.Build.0 = Debug|Any CPU
		{9DE68607-DE76-44B1-80FF-F8C7DDEF7530}.Release|Any CPU.ActiveCfg = Release|Any CPU
		{9DE68607-DE76-44B1-80FF-F8C7DDEF7530}.Release|Any CPU.Build.0 = Release|Any CPU
		{2A8CAC41-5A64-4122-B57F-3C21295E09E8}.Debug|Any CPU.ActiveCfg = Debug|Any CPU
		{2A8CAC41-5A64-4122-B57F-3C21295E09E8}.Debug|Any CPU.Build.0 = Debug|Any CPU
		{2A8CAC41-5A64-4122-B57F-3C21295E09E8}.Release|Any CPU.ActiveCfg = Release|Any CPU
		{2A8CAC41-5A64-4122-B57F-3C21295E09E8}.Release|Any CPU.Build.0 = Release|Any CPU
		{95111CED-D54F-4F16-8889-B53DA78BA93E}.Debug|Any CPU.ActiveCfg = Debug|Any CPU
		{95111CED-D54F-4F16-8889-B53DA78BA93E}.Debug|Any CPU.Build.0 = Debug|Any CPU
		{95111CED-D54F-4F16-8889-B53DA78BA93E}.Release|Any CPU.ActiveCfg = Release|Any CPU
		{95111CED-D54F-4F16-8889-B53DA78BA93E}.Release|Any CPU.Build.0 = Release|Any CPU
		{C6CDEF7F-261B-4BAC-93F6-DB3B6D7D77B5}.Debug|Any CPU.ActiveCfg = Debug|Any CPU
		{C6CDEF7F-261B-4BAC-93F6-DB3B6D7D77B5}.Debug|Any CPU.Build.0 = Debug|Any CPU
		{C6CDEF7F-261B-4BAC-93F6-DB3B6D7D77B5}.Release|Any CPU.ActiveCfg = Release|Any CPU
		{C6CDEF7F-261B-4BAC-93F6-DB3B6D7D77B5}.Release|Any CPU.Build.0 = Release|Any CPU
		{535279E3-B081-4971-9BBB-FC7ACDC9339A}.Debug|Any CPU.ActiveCfg = Debug|Any CPU
		{535279E3-B081-4971-9BBB-FC7ACDC9339A}.Debug|Any CPU.Build.0 = Debug|Any CPU
		{535279E3-B081-4971-9BBB-FC7ACDC9339A}.Release|Any CPU.ActiveCfg = Release|Any CPU
		{535279E3-B081-4971-9BBB-FC7ACDC9339A}.Release|Any CPU.Build.0 = Release|Any CPU
		{BB117252-51E9-4777-AF89-C744C72420DD}.Debug|Any CPU.ActiveCfg = Debug|Any CPU
		{BB117252-51E9-4777-AF89-C744C72420DD}.Debug|Any CPU.Build.0 = Debug|Any CPU
		{BB117252-51E9-4777-AF89-C744C72420DD}.Release|Any CPU.ActiveCfg = Release|Any CPU
		{BB117252-51E9-4777-AF89-C744C72420DD}.Release|Any CPU.Build.0 = Release|Any CPU
		{7D19B623-DAAE-4F22-A390-B0402284F87D}.Debug|Any CPU.ActiveCfg = Debug|Any CPU
		{7D19B623-DAAE-4F22-A390-B0402284F87D}.Debug|Any CPU.Build.0 = Debug|Any CPU
		{7D19B623-DAAE-4F22-A390-B0402284F87D}.Release|Any CPU.ActiveCfg = Release|Any CPU
		{7D19B623-DAAE-4F22-A390-B0402284F87D}.Release|Any CPU.Build.0 = Release|Any CPU
		{A936B26F-8A17-4F59-BFE9-4953ED7C0BFF}.Debug|Any CPU.ActiveCfg = Debug|Any CPU
		{A936B26F-8A17-4F59-BFE9-4953ED7C0BFF}.Debug|Any CPU.Build.0 = Debug|Any CPU
		{A936B26F-8A17-4F59-BFE9-4953ED7C0BFF}.Release|Any CPU.ActiveCfg = Release|Any CPU
		{A936B26F-8A17-4F59-BFE9-4953ED7C0BFF}.Release|Any CPU.Build.0 = Release|Any CPU
	EndGlobalSection
	GlobalSection(SolutionProperties) = preSolution
		HideSolutionNode = FALSE
	EndGlobalSection
	GlobalSection(ExtensibilityGlobals) = postSolution
		SolutionGuid = {144FE98E-0BDE-4492-BEEB-9ACC1C680CE3}
	EndGlobalSection
EndGlobal
